
Microsoft Visual Studio Solution File, Format Version 12.00
# Visual Studio Version 17
VisualStudioVersion = 17.4.33213.308
MinimumVisualStudioVersion = 10.0.40219.1
Project("{FAE04EC0-301F-11D3-BF4B-00C04F79EFBC}") = "TareaCorta2", "TareaCorta2\TareaCorta2.csproj", "{E5E2A37A-883C-4A6C-964B-4F8CC7CC1D8E}"
EndProject
Project("{FAE04EC0-301F-11D3-BF4B-00C04F79EFBC}") = "Negocios", "Negocios\Negocios.csproj", "{F36DC81C-CF88-45DA-931C-EE2BCAE8A079}"
EndProject
Project("{FAE04EC0-301F-11D3-BF4B-00C04F79EFBC}") = "Datos", "Dato\Datos.csproj", "{BAF45C15-154D-4354-ABEE-1BDE33F20F95}"
EndProject
Global
	GlobalSection(SolutionConfigurationPlatforms) = preSolution
		Debug|Any CPU = Debug|Any CPU
		Release|Any CPU = Release|Any CPU
	EndGlobalSection
	GlobalSection(ProjectConfigurationPlatforms) = postSolution
		{E5E2A37A-883C-4A6C-964B-4F8CC7CC1D8E}.Debug|Any CPU.ActiveCfg = Debug|Any CPU
		{E5E2A37A-883C-4A6C-964B-4F8CC7CC1D8E}.Debug|Any CPU.Build.0 = Debug|Any CPU
		{E5E2A37A-883C-4A6C-964B-4F8CC7CC1D8E}.Release|Any CPU.ActiveCfg = Release|Any CPU
		{E5E2A37A-883C-4A6C-964B-4F8CC7CC1D8E}.Release|Any CPU.Build.0 = Release|Any CPU
		{F36DC81C-CF88-45DA-931C-EE2BCAE8A079}.Debug|Any CPU.ActiveCfg = Debug|Any CPU
		{F36DC81C-CF88-45DA-931C-EE2BCAE8A079}.Debug|Any CPU.Build.0 = Debug|Any CPU
		{F36DC81C-CF88-45DA-931C-EE2BCAE8A079}.Release|Any CPU.ActiveCfg = Release|Any CPU
		{F36DC81C-CF88-45DA-931C-EE2BCAE8A079}.Release|Any CPU.Build.0 = Release|Any CPU
		{BAF45C15-154D-4354-ABEE-1BDE33F20F95}.Debug|Any CPU.ActiveCfg = Debug|Any CPU
		{BAF45C15-154D-4354-ABEE-1BDE33F20F95}.Debug|Any CPU.Build.0 = Debug|Any CPU
		{BAF45C15-154D-4354-ABEE-1BDE33F20F95}.Release|Any CPU.ActiveCfg = Release|Any CPU
		{BAF45C15-154D-4354-ABEE-1BDE33F20F95}.Release|Any CPU.Build.0 = Release|Any CPU
	EndGlobalSection
	GlobalSection(SolutionProperties) = preSolution
		HideSolutionNode = FALSE
	EndGlobalSection
	GlobalSection(ExtensibilityGlobals) = postSolution
		SolutionGuid = {44E41C95-34CC-4260-A359-78B1D2853F92}
	EndGlobalSection
EndGlobal
